{
  "name": "obsidian-audio-waveform-player",
  "lockfileVersion": 3,
  "requires": true,
  "packages": {
    "": {
      "dependencies": {
        "@echogarden/rubberband-wasm": "^0.2.0"
      }
    },
    "node_modules/@echogarden/rubberband-wasm": {
      "version": "0.2.0",
      "resolved": "https://registry.npmjs.org/@echogarden/rubberband-wasm/-/rubberband-wasm-0.2.0.tgz",
      "integrity": "sha512-rcYq34+9HgdKjZb2EksQMW5m4SoyFGjUZCttQCVJz81hbY/qUzjsxsy3bN6iyehTx3mxIYt7ozB/M3B5M40BSQ==",
      "license": "GPL-2.0-only"
    }
  }
}
